// !$*UTF8*$!
{
	archiveVersion = 1;
	classes = {
	};
	objectVersion = 50;
	objects = {

/* Begin PBXBuildFile section */
		1A10DB1024D210D1003EA34E /* AppDelegate.swift in Sources */ = {isa = PBXBuildFile; fileRef = 1A10DB0F24D210D1003EA34E /* AppDelegate.swift */; };
		1A10DB1224D210D1003EA34E /* GameScene.sks in Resources */ = {isa = PBXBuildFile; fileRef = 1A10DB1124D210D1003EA34E /* GameScene.sks */; };
		1A10DB1424D210D1003EA34E /* Actions.sks in Resources */ = {isa = PBXBuildFile; fileRef = 1A10DB1324D210D1003EA34E /* Actions.sks */; };
		1A10DB1624D210D1003EA34E /* GameScene.swift in Sources */ = {isa = PBXBuildFile; fileRef = 1A10DB1524D210D1003EA34E /* GameScene.swift */; };
		1A10DB1824D210D1003EA34E /* GameViewController.swift in Sources */ = {isa = PBXBuildFile; fileRef = 1A10DB1724D210D1003EA34E /* GameViewController.swift */; };
		1A10DB1B24D210D1003EA34E /* Main.storyboard in Resources */ = {isa = PBXBuildFile; fileRef = 1A10DB1924D210D1003EA34E /* Main.storyboard */; };
		1A10DB1D24D210D3003EA34E /* Assets.xcassets in Resources */ = {isa = PBXBuildFile; fileRef = 1A10DB1C24D210D3003EA34E /* Assets.xcassets */; };
		1A10DB2024D210D3003EA34E /* LaunchScreen.storyboard in Resources */ = {isa = PBXBuildFile; fileRef = 1A10DB1E24D210D3003EA34E /* LaunchScreen.storyboard */; };
		1A10DB2A24D38585003EA34E /* startScene.sks in Resources */ = {isa = PBXBuildFile; fileRef = 1A10DB2924D38585003EA34E /* startScene.sks */; };
		1A10DB2C24D3891B003EA34E /* startScene.swift in Sources */ = {isa = PBXBuildFile; fileRef = 1A10DB2B24D3891B003EA34E /* startScene.swift */; };
		1A10DB3024D38B10003EA34E /* icons8-play-90.png in Resources */ = {isa = PBXBuildFile; fileRef = 1A10DB2F24D38B10003EA34E /* icons8-play-90.png */; };
		1A10DB3224D3940E003EA34E /* endScene.sks in Resources */ = {isa = PBXBuildFile; fileRef = 1A10DB3124D3940E003EA34E /* endScene.sks */; };
		1A10DB3424D39425003EA34E /* endScene.swift in Sources */ = {isa = PBXBuildFile; fileRef = 1A10DB3324D39425003EA34E /* endScene.swift */; };
		1A10DB3624D39589003EA34E /* icons8-replay-96.png in Resources */ = {isa = PBXBuildFile; fileRef = 1A10DB3524D39589003EA34E /* icons8-replay-96.png */; };
		1A10DB3824D39592003EA34E /* icons8-menu-96.png in Resources */ = {isa = PBXBuildFile; fileRef = 1A10DB3724D39592003EA34E /* icons8-menu-96.png */; };
		1A10DB3A24D398A4003EA34E /* button.png in Resources */ = {isa = PBXBuildFile; fileRef = 1A10DB3924D398A4003EA34E /* button.png */; };
/* End PBXBuildFile section */

/* Begin PBXFileReference section */
		1A10DB0C24D210D1003EA34E /* blockMover.app */ = {isa = PBXFileReference; explicitFileType = wrapper.application; includeInIndex = 0; path = blockMover.app; sourceTree = BUILT_PRODUCTS_DIR; };
		1A10DB0F24D210D1003EA34E /* AppDelegate.swift */ = {isa = PBXFileReference; lastKnownFileType = sourcecode.swift; path = AppDelegate.swift; sourceTree = "<group>"; };
		1A10DB1124D210D1003EA34E /* GameScene.sks */ = {isa = PBXFileReference; lastKnownFileType = file.sks; path = GameScene.sks; sourceTree = "<group>"; };
		1A10DB1324D210D1003EA34E /* Actions.sks */ = {isa = PBXFileReference; lastKnownFileType = file.sks; path = Actions.sks; sourceTree = "<group>"; };
		1A10DB1524D210D1003EA34E /* GameScene.swift */ = {isa = PBXFileReference; lastKnownFileType = sourcecode.swift; path = GameScene.swift; sourceTree = "<group>"; };
		1A10DB1724D210D1003EA34E /* GameViewController.swift */ = {isa = PBXFileReference; lastKnownFileType = sourcecode.swift; path = GameViewController.swift; sourceTree = "<group>"; };
		1A10DB1A24D210D1003EA34E /* Base */ = {isa = PBXFileReference; lastKnownFileType = file.storyboard; name = Base; path = Base.lproj/Main.storyboard; sourceTree = "<group>"; };
		1A10DB1C24D210D3003EA34E /* Assets.xcassets */ = {isa = PBXFileReference; lastKnownFileType = folder.assetcatalog; path = Assets.xcassets; sourceTree = "<group>"; };
		1A10DB1F24D210D3003EA34E /* Base */ = {isa = PBXFileReference; lastKnownFileType = file.storyboard; name = Base; path = Base.lproj/LaunchScreen.storyboard; sourceTree = "<group>"; };
		1A10DB2124D210D3003EA34E /* Info.plist */ = {isa = PBXFileReference; lastKnownFileType = text.plist.xml; path = Info.plist; sourceTree = "<group>"; };
		1A10DB2924D38585003EA34E /* startScene.sks */ = {isa = PBXFileReference; lastKnownFileType = file.sks; path = startScene.sks; sourceTree = "<group>"; };
		1A10DB2B24D3891B003EA34E /* startScene.swift */ = {isa = PBXFileReference; lastKnownFileType = sourcecode.swift; path = startScene.swift; sourceTree = "<group>"; };
		1A10DB2F24D38B10003EA34E /* icons8-play-90.png */ = {isa = PBXFileReference; lastKnownFileType = image.png; path = "icons8-play-90.png"; sourceTree = "<group>"; };
		1A10DB3124D3940E003EA34E /* endScene.sks */ = {isa = PBXFileReference; lastKnownFileType = file.sks; path = endScene.sks; sourceTree = "<group>"; };
		1A10DB3324D39425003EA34E /* endScene.swift */ = {isa = PBXFileReference; lastKnownFileType = sourcecode.swift; path = endScene.swift; sourceTree = "<group>"; };
		1A10DB3524D39589003EA34E /* icons8-replay-96.png */ = {isa = PBXFileReference; lastKnownFileType = image.png; path = "icons8-replay-96.png"; sourceTree = "<group>"; };
		1A10DB3724D39592003EA34E /* icons8-menu-96.png */ = {isa = PBXFileReference; lastKnownFileType = image.png; path = "icons8-menu-96.png"; sourceTree = "<group>"; };
		1A10DB3924D398A4003EA34E /* button.png */ = {isa = PBXFileReference; lastKnownFileType = image.png; path = button.png; sourceTree = "<group>"; };
/* End PBXFileReference section */

/* Begin PBXFrameworksBuildPhase section */
		1A10DB0924D210D1003EA34E /* Frameworks */ = {
			isa = PBXFrameworksBuildPhase;
			buildActionMask = 2147483647;
			files = (
			);
			runOnlyForDeploymentPostprocessing = 0;
		};
/* End PBXFrameworksBuildPhase section */

/* Begin PBXGroup section */
		1A10DB0324D210D1003EA34E = {
			isa = PBXGroup;
			children = (
				1A10DB0E24D210D1003EA34E /* blockMover */,
				1A10DB0D24D210D1003EA34E /* Products */,
			);
			sourceTree = "<group>";
		};
		1A10DB0D24D210D1003EA34E /* Products */ = {
			isa = PBXGroup;
			children = (
				1A10DB0C24D210D1003EA34E /* blockMover.app */,
			);
			name = Products;
			sourceTree = "<group>";
		};
		1A10DB0E24D210D1003EA34E /* blockMover */ = {
			isa = PBXGroup;
			children = (
				1A10DB0F24D210D1003EA34E /* AppDelegate.swift */,
				1A10DB1124D210D1003EA34E /* GameScene.sks */,
				1A10DB1324D210D1003EA34E /* Actions.sks */,
				1A10DB1524D210D1003EA34E /* GameScene.swift */,
				1A10DB1724D210D1003EA34E /* GameViewController.swift */,
				1A10DB1924D210D1003EA34E /* Main.storyboard */,
				1A10DB1C24D210D3003EA34E /* Assets.xcassets */,
				1A10DB3924D398A4003EA34E /* button.png */,
				1A10DB3724D39592003EA34E /* icons8-menu-96.png */,
				1A10DB3524D39589003EA34E /* icons8-replay-96.png */,
				1A10DB2F24D38B10003EA34E /* icons8-play-90.png */,
				1A10DB1E24D210D3003EA34E /* LaunchScreen.storyboard */,
				1A10DB2124D210D3003EA34E /* Info.plist */,
				1A10DB2924D38585003EA34E /* startScene.sks */,
				1A10DB2B24D3891B003EA34E /* startScene.swift */,
				1A10DB3124D3940E003EA34E /* endScene.sks */,
				1A10DB3324D39425003EA34E /* endScene.swift */,
			);
			path = blockMover;
			sourceTree = "<group>";
		};
/* End PBXGroup section */

/* Begin PBXNativeTarget section */
		1A10DB0B24D210D1003EA34E /* blockMover */ = {
			isa = PBXNativeTarget;
			buildConfigurationList = 1A10DB2424D210D3003EA34E /* Build configuration list for PBXNativeTarget "blockMover" */;
			buildPhases = (
				1A10DB0824D210D1003EA34E /* Sources */,
				1A10DB0924D210D1003EA34E /* Frameworks */,
				1A10DB0A24D210D1003EA34E /* Resources */,
			);
			buildRules = (
			);
			dependencies = (
			);
			name = blockMover;
			productName = blockMover;
			productReference = 1A10DB0C24D210D1003EA34E /* blockMover.app */;
			productType = "com.apple.product-type.application";
		};
/* End PBXNativeTarget section */

/* Begin PBXProject section */
		1A10DB0424D210D1003EA34E /* Project object */ = {
			isa = PBXProject;
			attributes = {
				LastSwiftUpdateCheck = 1160;
				LastUpgradeCheck = 1160;
				ORGANIZATIONNAME = "Jude Willis";
				TargetAttributes = {
					1A10DB0B24D210D1003EA34E = {
						CreatedOnToolsVersion = 11.6;
					};
				};
			};
			buildConfigurationList = 1A10DB0724D210D1003EA34E /* Build configuration list for PBXProject "blockMover" */;
			compatibilityVersion = "Xcode 9.3";
			developmentRegion = en;
			hasScannedForEncodings = 0;
			knownRegions = (
				en,
				Base,
			);
			mainGroup = 1A10DB0324D210D1003EA34E;
			productRefGroup = 1A10DB0D24D210D1003EA34E /* Products */;
			projectDirPath = "";
			projectRoot = "";
			targets = (
				1A10DB0B24D210D1003EA34E /* blockMover */,
			);
		};
/* End PBXProject section */

/* Begin PBXResourcesBuildPhase section */
		1A10DB0A24D210D1003EA34E /* Resources */ = {
			isa = PBXResourcesBuildPhase;
			buildActionMask = 2147483647;
			files = (
				1A10DB3A24D398A4003EA34E /* button.png in Resources */,
				1A10DB1B24D210D1003EA34E /* Main.storyboard in Resources */,
				1A10DB3024D38B10003EA34E /* icons8-play-90.png in Resources */,
				1A10DB3824D39592003EA34E /* icons8-menu-96.png in Resources */,
				1A10DB1224D210D1003EA34E /* GameScene.sks in Resources */,
				1A10DB3224D3940E003EA34E /* endScene.sks in Resources */,
				1A10DB1D24D210D3003EA34E /* Assets.xcassets in Resources */,
				1A10DB2024D210D3003EA34E /* LaunchScreen.storyboard in Resources */,
				1A10DB3624D39589003EA34E /* icons8-replay-96.png in Resources */,
				1A10DB1424D210D1003EA34E /* Actions.sks in Resources */,
				1A10DB2A24D38585003EA34E /* startScene.sks in Resources */,
			);
			runOnlyForDeploymentPostprocessing = 0;
		};
/* End PBXResourcesBuildPhase section */

/* Begin PBXSourcesBuildPhase section */
		1A10DB0824D210D1003EA34E /* Sources */ = {
			isa = PBXSourcesBuildPhase;
			buildActionMask = 2147483647;
			files = (
				1A10DB1624D210D1003EA34E /* GameScene.swift in Sources */,
				1A10DB1824D210D1003EA34E /* GameViewController.swift in Sources */,
				1A10DB1024D210D1003EA34E /* AppDelegate.swift in Sources */,
				1A10DB2C24D3891B003EA34E /* startScene.swift in Sources */,
				1A10DB3424D39425003EA34E /* endScene.swift in Sources */,
			);
			runOnlyForDeploymentPostprocessing = 0;
		};
/* End PBXSourcesBuildPhase section */

/* Begin PBXVariantGroup section */
		1A10DB1924D210D1003EA34E /* Main.storyboard */ = {
			isa = PBXVariantGroup;
			children = (
				1A10DB1A24D210D1003EA34E /* Base */,
			);
			name = Main.storyboard;
			sourceTree = "<group>";
		};
		1A10DB1E24D210D3003EA34E /* LaunchScreen.storyboard */ = {
			isa = PBXVariantGroup;
			children = (
				1A10DB1F24D210D3003EA34E /* Base */,
			);
			name = LaunchScreen.storyboard;
			sourceTree = "<group>";
		};
/* End PBXVariantGroup section */

/* Begin XCBuildConfiguration section */
		1A10DB2224D210D3003EA34E /* Debug */ = {
			isa = XCBuildConfiguration;
			buildSettings = {
				ALWAYS_SEARCH_USER_PATHS = NO;
				CLANG_ANALYZER_NONNULL = YES;
				CLANG_ANALYZER_NUMBER_OBJECT_CONVERSION = YES_AGGRESSIVE;
				CLANG_CXX_LANGUAGE_STANDARD = "gnu++14";
				CLANG_CXX_LIBRARY = "libc++";
				CLANG_ENABLE_MODULES = YES;
				CLANG_ENABLE_OBJC_ARC = YES;
				CLANG_ENABLE_OBJC_WEAK = YES;
				CLANG_WARN_BLOCK_CAPTURE_AUTORELEASING = YES;
				CLANG_WARN_BOOL_CONVERSION = YES;
				CLANG_WARN_COMMA = YES;
				CLANG_WARN_CONSTANT_CONVERSION = YES;
				CLANG_WARN_DEPRECATED_OBJC_IMPLEMENTATIONS = YES;
				CLANG_WARN_DIRECT_OBJC_ISA_USAGE = YES_ERROR;
				CLANG_WARN_DOCUMENTATION_COMMENTS = YES;
				CLANG_WARN_EMPTY_BODY = YES;
				CLANG_WARN_ENUM_CONVERSION = YES;
				CLANG_WARN_INFINITE_RECURSION = YES;
				CLANG_WARN_INT_CONVERSION = YES;
				CLANG_WARN_NON_LITERAL_NULL_CONVERSION = YES;
				CLANG_WARN_OBJC_IMPLICIT_RETAIN_SELF = YES;
				CLANG_WARN_OBJC_LITERAL_CONVERSION = YES;
				CLANG_WARN_OBJC_ROOT_CLASS = YES_ERROR;
				CLANG_WARN_RANGE_LOOP_ANALYSIS = YES;
				CLANG_WARN_STRICT_PROTOTYPES = YES;
				CLANG_WARN_SUSPICIOUS_MOVE = YES;
				CLANG_WARN_UNGUARDED_AVAILABILITY = YES_AGGRESSIVE;
				CLANG_WARN_UNREACHABLE_CODE = YES;
				CLANG_WARN__DUPLICATE_METHOD_MATCH = YES;
				COPY_PHASE_STRIP = NO;
				DEBUG_INFORMATION_FORMAT = dwarf;
				ENABLE_STRICT_OBJC_MSGSEND = YES;
				ENABLE_TESTABILITY = YES;
				GCC_C_LANGUAGE_STANDARD = gnu11;
				GCC_DYNAMIC_NO_PIC = NO;
				GCC_NO_COMMON_BLOCKS = YES;
				GCC_OPTIMIZATION_LEVEL = 0;
				GCC_PREPROCESSOR_DEFINITIONS = (
					"DEBUG=1",
					"$(inherited)",
				);
				GCC_WARN_64_TO_32_BIT_CONVERSION = YES;
				GCC_WARN_ABOUT_RETURN_TYPE = YES_ERROR;
				GCC_WARN_UNDECLARED_SELECTOR = YES;
				GCC_WARN_UNINITIALIZED_AUTOS = YES_AGGRESSIVE;
				GCC_WARN_UNUSED_FUNCTION = YES;
				GCC_WARN_UNUSED_VARIABLE = YES;
				IPHONEOS_DEPLOYMENT_TARGET = 13.6;
				MTL_ENABLE_DEBUG_INFO = INCLUDE_SOURCE;
				MTL_FAST_MATH = YES;
				ONLY_ACTIVE_ARCH = YES;
				SDKROOT = iphoneos;
				SWIFT_ACTIVE_COMPILATION_CONDITIONS = DEBUG;
				SWIFT_OPTIMIZATION_LEVEL = "-Onone";
			};
			name = Debug;
		};
		1A10DB2324D210D3003EA34E /* Release */ = {
			isa = XCBuildConfiguration;
			buildSettings = {
				ALWAYS_SEARCH_USER_PATHS = NO;
				CLANG_ANALYZER_NONNULL = YES;
				CLANG_ANALYZER_NUMBER_OBJECT_CONVERSION = YES_AGGRESSIVE;
				CLANG_CXX_LANGUAGE_STANDARD = "gnu++14";
				CLANG_CXX_LIBRARY = "libc++";
				CLANG_ENABLE_MODULES = YES;
				CLANG_ENABLE_OBJC_ARC = YES;
				CLANG_ENABLE_OBJC_WEAK = YES;
				CLANG_WARN_BLOCK_CAPTURE_AUTORELEASING = YES;
				CLANG_WARN_BOOL_CONVERSION = YES;
				CLANG_WARN_COMMA = YES;
				CLANG_WARN_CONSTANT_CONVERSION = YES;
				CLANG_WARN_DEPRECATED_OBJC_IMPLEMENTATIONS = YES;
				CLANG_WARN_DIRECT_OBJC_ISA_USAGE = YES_ERROR;
				CLANG_WARN_DOCUMENTATION_COMMENTS = YES;
				CLANG_WARN_EMPTY_BODY = YES;
				CLANG_WARN_ENUM_CONVERSION = YES;
				CLANG_WARN_INFINITE_RECURSION = YES;
				CLANG_WARN_INT_CONVERSION = YES;
				CLANG_WARN_NON_LITERAL_NULL_CONVERSION = YES;
				CLANG_WARN_OBJC_IMPLICIT_RETAIN_SELF = YES;
				CLANG_WARN_OBJC_LITERAL_CONVERSION = YES;
				CLANG_WARN_OBJC_ROOT_CLASS = YES_ERROR;
				CLANG_WARN_RANGE_LOOP_ANALYSIS = YES;
				CLANG_WARN_STRICT_PROTOTYPES = YES;
				CLANG_WARN_SUSPICIOUS_MOVE = YES;
				CLANG_WARN_UNGUARDED_AVAILABILITY = YES_AGGRESSIVE;
				CLANG_WARN_UNREACHABLE_CODE = YES;
				CLANG_WARN__DUPLICATE_METHOD_MATCH = YES;
				COPY_PHASE_STRIP = NO;
				DEBUG_INFORMATION_FORMAT = "dwarf-with-dsym";
				ENABLE_NS_ASSERTIONS = NO;
				ENABLE_STRICT_OBJC_MSGSEND = YES;
				GCC_C_LANGUAGE_STANDARD = gnu11;
				GCC_NO_COMMON_BLOCKS = YES;
				GCC_WARN_64_TO_32_BIT_CONVERSION = YES;
				GCC_WARN_ABOUT_RETURN_TYPE = YES_ERROR;
				GCC_WARN_UNDECLARED_SELECTOR = YES;
				GCC_WARN_UNINITIALIZED_AUTOS = YES_AGGRESSIVE;
				GCC_WARN_UNUSED_FUNCTION = YES;
				GCC_WARN_UNUSED_VARIABLE = YES;
				IPHONEOS_DEPLOYMENT_TARGET = 13.6;
				MTL_ENABLE_DEBUG_INFO = NO;
				MTL_FAST_MATH = YES;
				SDKROOT = iphoneos;
				SWIFT_COMPILATION_MODE = wholemodule;
				SWIFT_OPTIMIZATION_LEVEL = "-O";
				VALIDATE_PRODUCT = YES;
			};
			name = Release;
		};
		1A10DB2524D210D3003EA34E /* Debug */ = {
			isa = XCBuildConfiguration;
			buildSettings = {
				ASSETCATALOG_COMPILER_APPICON_NAME = AppIcon;
				CODE_SIGN_STYLE = Automatic;
				DEVELOPMENT_TEAM = 66SUP2WY2T;
				INFOPLIST_FILE = blockMover/Info.plist;
				LD_RUNPATH_SEARCH_PATHS = (
					"$(inherited)",
					"@executable_path/Frameworks",
				);
				PRODUCT_BUNDLE_IDENTIFIER = com.example.blockMover;
				PRODUCT_NAME = "$(TARGET_NAME)";
				SWIFT_VERSION = 5.0;
				TARGETED_DEVICE_FAMILY = "1,2";
			};
			name = Debug;
		};
		1A10DB2624D210D3003EA34E /* Release */ = {
			isa = XCBuildConfiguration;
			buildSettings = {
				ASSETCATALOG_COMPILER_APPICON_NAME = AppIcon;
				CODE_SIGN_STYLE = Automatic;
				DEVELOPMENT_TEAM = 66SUP2WY2T;
				INFOPLIST_FILE = blockMover/Info.plist;
				LD_RUNPATH_SEARCH_PATHS = (
					"$(inherited)",
					"@executable_path/Frameworks",
				);
				PRODUCT_BUNDLE_IDENTIFIER = com.example.blockMover;
				PRODUCT_NAME = "$(TARGET_NAME)";
				SWIFT_VERSION = 5.0;
				TARGETED_DEVICE_FAMILY = "1,2";
			};
			name = Release;
		};
/* End XCBuildConfiguration section */

/* Begin XCConfigurationList section */
		1A10DB0724D210D1003EA34E /* Build configuration list for PBXProject "blockMover" */ = {
			isa = XCConfigurationList;
			buildConfigurations = (
				1A10DB2224D210D3003EA34E /* Debug */,
				1A10DB2324D210D3003EA34E /* Release */,
			);
			defaultConfigurationIsVisible = 0;
			defaultConfigurationName = Release;
		};
		1A10DB2424D210D3003EA34E /* Build configuration list for PBXNativeTarget "blockMover" */ = {
			isa = XCConfigurationList;
			buildConfigurations = (
				1A10DB2524D210D3003EA34E /* Debug */,
				1A10DB2624D210D3003EA34E /* Release */,
			);
			defaultConfigurationIsVisible = 0;
			defaultConfigurationName = Release;
		};
/* End XCConfigurationList section */
	};
	rootObject = 1A10DB0424D210D1003EA34E /* Project object */;
}
